PODS:
  - NMapsGeometry (1.0.1)
  - NMapsMap (3.17.0):
    - NMapsGeometry
  - PagerTabStripView (4.0.0)

DEPENDENCIES:
  - NMapsMap
  - PagerTabStripView (~> 4.0)

SPEC REPOS:
  trunk:
    - NMapsGeometry
    - NMapsMap
    - PagerTabStripView

SPEC CHECKSUMS:
  NMapsGeometry: 53c573ead66466681cf123f99f698dc8071a4b83
  NMapsMap: a5b909a31b6f3d27a670f6eb2ddc913c38975474
  PagerTabStripView: 4d51320a7349ac4da5a662ac0bdacb8e8e5120f1

PODFILE CHECKSUM: 4533faf554f5f1275462346295768f2d59c6092d

COCOAPODS: 1.12.0
