PODS:
  - ExyteMediaPicker (1.2.6)
  - NMapsGeometry (1.0.1)
  - NMapsMap (3.17.0):
    - NMapsGeometry
  - PagerTabStripView (4.0.0)

DEPENDENCIES:
  - ExyteMediaPicker
  - NMapsMap
  - PagerTabStripView (~> 4.0)

SPEC REPOS:
  trunk:
    - ExyteMediaPicker
    - NMapsGeometry
    - NMapsMap
    - PagerTabStripView

SPEC CHECKSUMS:
  ExyteMediaPicker: b79b9d1af1f072c49f7f4d5a0728bd22ebb7f234
  NMapsGeometry: 53c573ead66466681cf123f99f698dc8071a4b83
  NMapsMap: a5b909a31b6f3d27a670f6eb2ddc913c38975474
  PagerTabStripView: 4d51320a7349ac4da5a662ac0bdacb8e8e5120f1

PODFILE CHECKSUM: 79d98a05844d77176a52ea1560b48e9b7453a647

COCOAPODS: 1.12.0
