// !$*UTF8*$!
{
	archiveVersion = 1;
	classes = {
	};
	objectVersion = 56;
	objects = {

/* Begin PBXBuildFile section */
		1D2A92F3993CD8F01D02BFAB /* Pods_meongmory_iOSTests.framework in Frameworks */ = {isa = PBXBuildFile; fileRef = 5F649211620FFB86E7785362 /* Pods_meongmory_iOSTests.framework */; };
		731C3F872A5FB8B600A5277A /* meongmory_iOSApp.swift in Sources */ = {isa = PBXBuildFile; fileRef = 731C3F862A5FB8B600A5277A /* meongmory_iOSApp.swift */; };
		731C3F892A5FB8B600A5277A /* ContentView.swift in Sources */ = {isa = PBXBuildFile; fileRef = 731C3F882A5FB8B600A5277A /* ContentView.swift */; };
		731C3F8B2A5FB8B800A5277A /* Assets.xcassets in Resources */ = {isa = PBXBuildFile; fileRef = 731C3F8A2A5FB8B800A5277A /* Assets.xcassets */; };
		731C3F8E2A5FB8B800A5277A /* Preview Assets.xcassets in Resources */ = {isa = PBXBuildFile; fileRef = 731C3F8D2A5FB8B800A5277A /* Preview Assets.xcassets */; };
		731C3F982A5FB8B800A5277A /* meongmory_iOSTests.swift in Sources */ = {isa = PBXBuildFile; fileRef = 731C3F972A5FB8B800A5277A /* meongmory_iOSTests.swift */; };
		731C3FA22A5FB8B800A5277A /* meongmory_iOSUITests.swift in Sources */ = {isa = PBXBuildFile; fileRef = 731C3FA12A5FB8B800A5277A /* meongmory_iOSUITests.swift */; };
		731C3FA42A5FB8B800A5277A /* meongmory_iOSUITestsLaunchTests.swift in Sources */ = {isa = PBXBuildFile; fileRef = 731C3FA32A5FB8B800A5277A /* meongmory_iOSUITestsLaunchTests.swift */; };
		73600E0C2A809AB800F9FE87 /* MapView.swift in Sources */ = {isa = PBXBuildFile; fileRef = 73600E0B2A809AB800F9FE87 /* MapView.swift */; };
		73600E0F2A80FBC600F9FE87 /* LocationService.swift in Sources */ = {isa = PBXBuildFile; fileRef = 73600E0E2A80FBC600F9FE87 /* LocationService.swift */; };
		73D279482A813BF800B12C0C /* MapTypeLazyGrid.swift in Sources */ = {isa = PBXBuildFile; fileRef = 73D279472A813BF800B12C0C /* MapTypeLazyGrid.swift */; };
		73D2794A2A8154AD00B12C0C /* MapInfoView.swift in Sources */ = {isa = PBXBuildFile; fileRef = 73D279492A8154AD00B12C0C /* MapInfoView.swift */; };
		95D2E8632A8776B60093D5D3 /* HomeView.swift in Sources */ = {isa = PBXBuildFile; fileRef = 95D2E8622A8776B60093D5D3 /* HomeView.swift */; };
		95D2E8652A87FAF70093D5D3 /* FamilyListView.swift in Sources */ = {isa = PBXBuildFile; fileRef = 95D2E8642A87FAF70093D5D3 /* FamilyListView.swift */; };
		95D2E8672A892F9D0093D5D3 /* FamilyLazyHGridCell.swift in Sources */ = {isa = PBXBuildFile; fileRef = 95D2E8662A892F9D0093D5D3 /* FamilyLazyHGridCell.swift */; };
		95D2E8692A895CB30093D5D3 /* RecommendedView.swift in Sources */ = {isa = PBXBuildFile; fileRef = 95D2E8682A895CB30093D5D3 /* RecommendedView.swift */; };
		95D2E86B2A898AFC0093D5D3 /* BusinessView.swift in Sources */ = {isa = PBXBuildFile; fileRef = 95D2E86A2A898AFC0093D5D3 /* BusinessView.swift */; };
		95D2E8702A8998D60093D5D3 /* FamilyMainView.swift in Sources */ = {isa = PBXBuildFile; fileRef = 95D2E86F2A8998D60093D5D3 /* FamilyMainView.swift */; };
		A2A211C82A829C160067D436 /* iPages in Frameworks */ = {isa = PBXBuildFile; productRef = A2A211C72A829C160067D436 /* iPages */; };
		A2AC24BF2A78B84D00D284A7 /* LoginView.swift in Sources */ = {isa = PBXBuildFile; fileRef = A2AC24BE2A78B84D00D284A7 /* LoginView.swift */; };
		A2AC24C12A78C27E00D284A7 /* ValidatePhoneNumView.swift in Sources */ = {isa = PBXBuildFile; fileRef = A2AC24C02A78C27E00D284A7 /* ValidatePhoneNumView.swift */; };
		A2AC24C32A7CCBBF00D284A7 /* AgreeToTermsView.swift in Sources */ = {isa = PBXBuildFile; fileRef = A2AC24C22A7CCBBF00D284A7 /* AgreeToTermsView.swift */; };
		A2AC24C52A7CCFD800D284A7 /* SetNicknameView.swift in Sources */ = {isa = PBXBuildFile; fileRef = A2AC24C42A7CCFD800D284A7 /* SetNicknameView.swift */; };
		A2AC24C72A7CD11D00D284A7 /* OnBoardingView.swift in Sources */ = {isa = PBXBuildFile; fileRef = A2AC24C62A7CD11D00D284A7 /* OnBoardingView.swift */; };
		A2AC24CD2A801B1600D284A7 /* MyPageView.swift in Sources */ = {isa = PBXBuildFile; fileRef = A2AC24CC2A801B1600D284A7 /* MyPageView.swift */; };
		A2AC24D12A80316F00D284A7 /* SetNotificationView.swift in Sources */ = {isa = PBXBuildFile; fileRef = A2AC24D02A80316F00D284A7 /* SetNotificationView.swift */; };
		A2AC24D32A80317E00D284A7 /* EditProfileView.swift in Sources */ = {isa = PBXBuildFile; fileRef = A2AC24D22A80317E00D284A7 /* EditProfileView.swift */; };
		A2AC24D52A80327D00D284A7 /* ProVersionView.swift in Sources */ = {isa = PBXBuildFile; fileRef = A2AC24D42A80327D00D284A7 /* ProVersionView.swift */; };
		A2AC24D92A80D99100D284A7 /* EMenuDetail.swift in Sources */ = {isa = PBXBuildFile; fileRef = A2AC24D82A80D99100D284A7 /* EMenuDetail.swift */; };
		A2AC24DB2A80D9F700D284A7 /* NoticeView.swift in Sources */ = {isa = PBXBuildFile; fileRef = A2AC24DA2A80D9F700D284A7 /* NoticeView.swift */; };
		A2AC24DD2A80DA0000D284A7 /* ReportView.swift in Sources */ = {isa = PBXBuildFile; fileRef = A2AC24DC2A80DA0000D284A7 /* ReportView.swift */; };
		A2AC24DF2A80DA1400D284A7 /* TermWebView.swift in Sources */ = {isa = PBXBuildFile; fileRef = A2AC24DE2A80DA1400D284A7 /* TermWebView.swift */; };
		A2AC24E72A8262CF00D284A7 /* MypageMenuListView.swift in Sources */ = {isa = PBXBuildFile; fileRef = A2AC24E62A8262CF00D284A7 /* MypageMenuListView.swift */; };
		A2AC24E92A82631800D284A7 /* MypageMenuRow.swift in Sources */ = {isa = PBXBuildFile; fileRef = A2AC24E82A82631800D284A7 /* MypageMenuRow.swift */; };
		A2AC24EB2A82637000D284A7 /* UserProfilView.swift in Sources */ = {isa = PBXBuildFile; fileRef = A2AC24EA2A82637000D284A7 /* UserProfilView.swift */; };
		A2AC250A2A828C5900D284A7 /* WebView.swift in Sources */ = {isa = PBXBuildFile; fileRef = A2AC25092A828C5900D284A7 /* WebView.swift */; };
		F8DB522163C3A3F4C1055372 /* Pods_meongmory_iOS.framework in Frameworks */ = {isa = PBXBuildFile; fileRef = 835C9DEA75C1C25C867E1349 /* Pods_meongmory_iOS.framework */; };
		FE43DE0BD065FF4097944E2F /* Pods_meongmory_iOS_meongmory_iOSUITests.framework in Frameworks */ = {isa = PBXBuildFile; fileRef = 86705927D952F7A98BCBEBA2 /* Pods_meongmory_iOS_meongmory_iOSUITests.framework */; };
/* End PBXBuildFile section */

/* Begin PBXContainerItemProxy section */
		731C3F942A5FB8B800A5277A /* PBXContainerItemProxy */ = {
			isa = PBXContainerItemProxy;
			containerPortal = 731C3F7B2A5FB8B600A5277A /* Project object */;
			proxyType = 1;
			remoteGlobalIDString = 731C3F822A5FB8B600A5277A;
			remoteInfo = meongmory_iOS;
		};
		731C3F9E2A5FB8B800A5277A /* PBXContainerItemProxy */ = {
			isa = PBXContainerItemProxy;
			containerPortal = 731C3F7B2A5FB8B600A5277A /* Project object */;
			proxyType = 1;
			remoteGlobalIDString = 731C3F822A5FB8B600A5277A;
			remoteInfo = meongmory_iOS;
		};
/* End PBXContainerItemProxy section */

/* Begin PBXFileReference section */
		1751BD90428D42FA35575791 /* Pods-meongmory_iOSTests.debug.xcconfig */ = {isa = PBXFileReference; includeInIndex = 1; lastKnownFileType = text.xcconfig; name = "Pods-meongmory_iOSTests.debug.xcconfig"; path = "Target Support Files/Pods-meongmory_iOSTests/Pods-meongmory_iOSTests.debug.xcconfig"; sourceTree = "<group>"; };
		1E371025C9495C6B0A566137 /* Pods-meongmory_iOS.debug.xcconfig */ = {isa = PBXFileReference; includeInIndex = 1; lastKnownFileType = text.xcconfig; name = "Pods-meongmory_iOS.debug.xcconfig"; path = "Target Support Files/Pods-meongmory_iOS/Pods-meongmory_iOS.debug.xcconfig"; sourceTree = "<group>"; };
		5F649211620FFB86E7785362 /* Pods_meongmory_iOSTests.framework */ = {isa = PBXFileReference; explicitFileType = wrapper.framework; includeInIndex = 0; path = Pods_meongmory_iOSTests.framework; sourceTree = BUILT_PRODUCTS_DIR; };
		731C3F832A5FB8B600A5277A /* meongmory_iOS.app */ = {isa = PBXFileReference; explicitFileType = wrapper.application; includeInIndex = 0; path = meongmory_iOS.app; sourceTree = BUILT_PRODUCTS_DIR; };
		731C3F862A5FB8B600A5277A /* meongmory_iOSApp.swift */ = {isa = PBXFileReference; lastKnownFileType = sourcecode.swift; path = meongmory_iOSApp.swift; sourceTree = "<group>"; };
		731C3F882A5FB8B600A5277A /* ContentView.swift */ = {isa = PBXFileReference; lastKnownFileType = sourcecode.swift; path = ContentView.swift; sourceTree = "<group>"; };
		731C3F8A2A5FB8B800A5277A /* Assets.xcassets */ = {isa = PBXFileReference; lastKnownFileType = folder.assetcatalog; path = Assets.xcassets; sourceTree = "<group>"; };
		731C3F8D2A5FB8B800A5277A /* Preview Assets.xcassets */ = {isa = PBXFileReference; lastKnownFileType = folder.assetcatalog; path = "Preview Assets.xcassets"; sourceTree = "<group>"; };
		731C3F932A5FB8B800A5277A /* meongmory_iOSTests.xctest */ = {isa = PBXFileReference; explicitFileType = wrapper.cfbundle; includeInIndex = 0; path = meongmory_iOSTests.xctest; sourceTree = BUILT_PRODUCTS_DIR; };
		731C3F972A5FB8B800A5277A /* meongmory_iOSTests.swift */ = {isa = PBXFileReference; lastKnownFileType = sourcecode.swift; path = meongmory_iOSTests.swift; sourceTree = "<group>"; };
		731C3F9D2A5FB8B800A5277A /* meongmory_iOSUITests.xctest */ = {isa = PBXFileReference; explicitFileType = wrapper.cfbundle; includeInIndex = 0; path = meongmory_iOSUITests.xctest; sourceTree = BUILT_PRODUCTS_DIR; };
		731C3FA12A5FB8B800A5277A /* meongmory_iOSUITests.swift */ = {isa = PBXFileReference; lastKnownFileType = sourcecode.swift; path = meongmory_iOSUITests.swift; sourceTree = "<group>"; };
		731C3FA32A5FB8B800A5277A /* meongmory_iOSUITestsLaunchTests.swift */ = {isa = PBXFileReference; lastKnownFileType = sourcecode.swift; path = meongmory_iOSUITestsLaunchTests.swift; sourceTree = "<group>"; };
		73600E0B2A809AB800F9FE87 /* MapView.swift */ = {isa = PBXFileReference; lastKnownFileType = sourcecode.swift; path = MapView.swift; sourceTree = "<group>"; };
		73600E0D2A80FB4B00F9FE87 /* meongmory-iOS-Info.plist */ = {isa = PBXFileReference; lastKnownFileType = text.plist; path = "meongmory-iOS-Info.plist"; sourceTree = SOURCE_ROOT; };
		73600E0E2A80FBC600F9FE87 /* LocationService.swift */ = {isa = PBXFileReference; lastKnownFileType = sourcecode.swift; path = LocationService.swift; sourceTree = "<group>"; };
		73D279472A813BF800B12C0C /* MapTypeLazyGrid.swift */ = {isa = PBXFileReference; lastKnownFileType = sourcecode.swift; path = MapTypeLazyGrid.swift; sourceTree = "<group>"; };
		73D279492A8154AD00B12C0C /* MapInfoView.swift */ = {isa = PBXFileReference; lastKnownFileType = sourcecode.swift; path = MapInfoView.swift; sourceTree = "<group>"; };
		835C9DEA75C1C25C867E1349 /* Pods_meongmory_iOS.framework */ = {isa = PBXFileReference; explicitFileType = wrapper.framework; includeInIndex = 0; path = Pods_meongmory_iOS.framework; sourceTree = BUILT_PRODUCTS_DIR; };
		86705927D952F7A98BCBEBA2 /* Pods_meongmory_iOS_meongmory_iOSUITests.framework */ = {isa = PBXFileReference; explicitFileType = wrapper.framework; includeInIndex = 0; path = Pods_meongmory_iOS_meongmory_iOSUITests.framework; sourceTree = BUILT_PRODUCTS_DIR; };
		95D2E8622A8776B60093D5D3 /* HomeView.swift */ = {isa = PBXFileReference; lastKnownFileType = sourcecode.swift; path = HomeView.swift; sourceTree = "<group>"; };
		95D2E8642A87FAF70093D5D3 /* FamilyListView.swift */ = {isa = PBXFileReference; lastKnownFileType = sourcecode.swift; path = FamilyListView.swift; sourceTree = "<group>"; };
		95D2E8662A892F9D0093D5D3 /* FamilyLazyHGridCell.swift */ = {isa = PBXFileReference; lastKnownFileType = sourcecode.swift; path = FamilyLazyHGridCell.swift; sourceTree = "<group>"; };
		95D2E8682A895CB30093D5D3 /* RecommendedView.swift */ = {isa = PBXFileReference; lastKnownFileType = sourcecode.swift; path = RecommendedView.swift; sourceTree = "<group>"; };
		95D2E86A2A898AFC0093D5D3 /* BusinessView.swift */ = {isa = PBXFileReference; lastKnownFileType = sourcecode.swift; path = BusinessView.swift; sourceTree = "<group>"; };
		95D2E86F2A8998D60093D5D3 /* FamilyMainView.swift */ = {isa = PBXFileReference; lastKnownFileType = sourcecode.swift; path = FamilyMainView.swift; sourceTree = "<group>"; };
		9C2472582335E1C990D71690 /* Pods-meongmory_iOSTests.release.xcconfig */ = {isa = PBXFileReference; includeInIndex = 1; lastKnownFileType = text.xcconfig; name = "Pods-meongmory_iOSTests.release.xcconfig"; path = "Target Support Files/Pods-meongmory_iOSTests/Pods-meongmory_iOSTests.release.xcconfig"; sourceTree = "<group>"; };
		A2AC24BE2A78B84D00D284A7 /* LoginView.swift */ = {isa = PBXFileReference; lastKnownFileType = sourcecode.swift; path = LoginView.swift; sourceTree = "<group>"; };
		A2AC24C02A78C27E00D284A7 /* ValidatePhoneNumView.swift */ = {isa = PBXFileReference; lastKnownFileType = sourcecode.swift; path = ValidatePhoneNumView.swift; sourceTree = "<group>"; };
		A2AC24C22A7CCBBF00D284A7 /* AgreeToTermsView.swift */ = {isa = PBXFileReference; lastKnownFileType = sourcecode.swift; path = AgreeToTermsView.swift; sourceTree = "<group>"; };
		A2AC24C42A7CCFD800D284A7 /* SetNicknameView.swift */ = {isa = PBXFileReference; lastKnownFileType = sourcecode.swift; path = SetNicknameView.swift; sourceTree = "<group>"; };
		A2AC24C62A7CD11D00D284A7 /* OnBoardingView.swift */ = {isa = PBXFileReference; lastKnownFileType = sourcecode.swift; path = OnBoardingView.swift; sourceTree = "<group>"; };
		A2AC24CC2A801B1600D284A7 /* MyPageView.swift */ = {isa = PBXFileReference; lastKnownFileType = sourcecode.swift; path = MyPageView.swift; sourceTree = "<group>"; };
		A2AC24D02A80316F00D284A7 /* SetNotificationView.swift */ = {isa = PBXFileReference; lastKnownFileType = sourcecode.swift; path = SetNotificationView.swift; sourceTree = "<group>"; };
		A2AC24D22A80317E00D284A7 /* EditProfileView.swift */ = {isa = PBXFileReference; lastKnownFileType = sourcecode.swift; path = EditProfileView.swift; sourceTree = "<group>"; };
		A2AC24D42A80327D00D284A7 /* ProVersionView.swift */ = {isa = PBXFileReference; lastKnownFileType = sourcecode.swift; path = ProVersionView.swift; sourceTree = "<group>"; };
		A2AC24D82A80D99100D284A7 /* EMenuDetail.swift */ = {isa = PBXFileReference; lastKnownFileType = sourcecode.swift; path = EMenuDetail.swift; sourceTree = "<group>"; };
		A2AC24DA2A80D9F700D284A7 /* NoticeView.swift */ = {isa = PBXFileReference; lastKnownFileType = sourcecode.swift; path = NoticeView.swift; sourceTree = "<group>"; };
		A2AC24DC2A80DA0000D284A7 /* ReportView.swift */ = {isa = PBXFileReference; lastKnownFileType = sourcecode.swift; path = ReportView.swift; sourceTree = "<group>"; };
		A2AC24DE2A80DA1400D284A7 /* TermWebView.swift */ = {isa = PBXFileReference; lastKnownFileType = sourcecode.swift; path = TermWebView.swift; sourceTree = "<group>"; };
		A2AC24E62A8262CF00D284A7 /* MypageMenuListView.swift */ = {isa = PBXFileReference; lastKnownFileType = sourcecode.swift; path = MypageMenuListView.swift; sourceTree = "<group>"; };
		A2AC24E82A82631800D284A7 /* MypageMenuRow.swift */ = {isa = PBXFileReference; lastKnownFileType = sourcecode.swift; path = MypageMenuRow.swift; sourceTree = "<group>"; };
		A2AC24EA2A82637000D284A7 /* UserProfilView.swift */ = {isa = PBXFileReference; lastKnownFileType = sourcecode.swift; path = UserProfilView.swift; sourceTree = "<group>"; };
		A2AC25092A828C5900D284A7 /* WebView.swift */ = {isa = PBXFileReference; lastKnownFileType = sourcecode.swift; path = WebView.swift; sourceTree = "<group>"; };
		B2652356D58A2D2C14FD0367 /* Pods-meongmory_iOS.release.xcconfig */ = {isa = PBXFileReference; includeInIndex = 1; lastKnownFileType = text.xcconfig; name = "Pods-meongmory_iOS.release.xcconfig"; path = "Target Support Files/Pods-meongmory_iOS/Pods-meongmory_iOS.release.xcconfig"; sourceTree = "<group>"; };
		C8DE388FA91D929CB32FA648 /* Pods-meongmory_iOS-meongmory_iOSUITests.release.xcconfig */ = {isa = PBXFileReference; includeInIndex = 1; lastKnownFileType = text.xcconfig; name = "Pods-meongmory_iOS-meongmory_iOSUITests.release.xcconfig"; path = "Target Support Files/Pods-meongmory_iOS-meongmory_iOSUITests/Pods-meongmory_iOS-meongmory_iOSUITests.release.xcconfig"; sourceTree = "<group>"; };
		D60A684CAA37723A0FF75B9D /* Pods-meongmory_iOS-meongmory_iOSUITests.debug.xcconfig */ = {isa = PBXFileReference; includeInIndex = 1; lastKnownFileType = text.xcconfig; name = "Pods-meongmory_iOS-meongmory_iOSUITests.debug.xcconfig"; path = "Target Support Files/Pods-meongmory_iOS-meongmory_iOSUITests/Pods-meongmory_iOS-meongmory_iOSUITests.debug.xcconfig"; sourceTree = "<group>"; };
/* End PBXFileReference section */

/* Begin PBXFrameworksBuildPhase section */
		731C3F802A5FB8B600A5277A /* Frameworks */ = {
			isa = PBXFrameworksBuildPhase;
			buildActionMask = 2147483647;
			files = (
				A2A211C82A829C160067D436 /* iPages in Frameworks */,
				F8DB522163C3A3F4C1055372 /* Pods_meongmory_iOS.framework in Frameworks */,
			);
			runOnlyForDeploymentPostprocessing = 0;
		};
		731C3F902A5FB8B800A5277A /* Frameworks */ = {
			isa = PBXFrameworksBuildPhase;
			buildActionMask = 2147483647;
			files = (
				1D2A92F3993CD8F01D02BFAB /* Pods_meongmory_iOSTests.framework in Frameworks */,
			);
			runOnlyForDeploymentPostprocessing = 0;
		};
		731C3F9A2A5FB8B800A5277A /* Frameworks */ = {
			isa = PBXFrameworksBuildPhase;
			buildActionMask = 2147483647;
			files = (
				FE43DE0BD065FF4097944E2F /* Pods_meongmory_iOS_meongmory_iOSUITests.framework in Frameworks */,
			);
			runOnlyForDeploymentPostprocessing = 0;
		};
/* End PBXFrameworksBuildPhase section */

/* Begin PBXGroup section */
		45E2BFDA6836D6AA9450FA24 /* Frameworks */ = {
			isa = PBXGroup;
			children = (
				835C9DEA75C1C25C867E1349 /* Pods_meongmory_iOS.framework */,
				86705927D952F7A98BCBEBA2 /* Pods_meongmory_iOS_meongmory_iOSUITests.framework */,
				5F649211620FFB86E7785362 /* Pods_meongmory_iOSTests.framework */,
			);
			name = Frameworks;
			sourceTree = "<group>";
		};
		731C3F7A2A5FB8B600A5277A = {
			isa = PBXGroup;
			children = (
				731C3F852A5FB8B600A5277A /* meongmory_iOS */,
				731C3F962A5FB8B800A5277A /* meongmory_iOSTests */,
				731C3FA02A5FB8B800A5277A /* meongmory_iOSUITests */,
				731C3F842A5FB8B600A5277A /* Products */,
				9326C0C919B79DC7467D8D0D /* Pods */,
				45E2BFDA6836D6AA9450FA24 /* Frameworks */,
			);
			sourceTree = "<group>";
		};
		731C3F842A5FB8B600A5277A /* Products */ = {
			isa = PBXGroup;
			children = (
				731C3F832A5FB8B600A5277A /* meongmory_iOS.app */,
				731C3F932A5FB8B800A5277A /* meongmory_iOSTests.xctest */,
				731C3F9D2A5FB8B800A5277A /* meongmory_iOSUITests.xctest */,
			);
			name = Products;
			sourceTree = "<group>";
		};
		731C3F852A5FB8B600A5277A /* meongmory_iOS */ = {
			isa = PBXGroup;
			children = (
				73600E0D2A80FB4B00F9FE87 /* meongmory-iOS-Info.plist */,
				73600DED2A74ABAC00F9FE87 /* Data */,
				73600DEC2A74ABA100F9FE87 /* Business */,
				73600DEB2A74A90800F9FE87 /* Presentation */,
				731C3F862A5FB8B600A5277A /* meongmory_iOSApp.swift */,
				731C3F882A5FB8B600A5277A /* ContentView.swift */,
				731C3F8A2A5FB8B800A5277A /* Assets.xcassets */,
				731C3F8C2A5FB8B800A5277A /* Preview Content */,
			);
			path = meongmory_iOS;
			sourceTree = "<group>";
		};
		731C3F8C2A5FB8B800A5277A /* Preview Content */ = {
			isa = PBXGroup;
			children = (
				731C3F8D2A5FB8B800A5277A /* Preview Assets.xcassets */,
			);
			path = "Preview Content";
			sourceTree = "<group>";
		};
		731C3F962A5FB8B800A5277A /* meongmory_iOSTests */ = {
			isa = PBXGroup;
			children = (
				731C3F972A5FB8B800A5277A /* meongmory_iOSTests.swift */,
			);
			path = meongmory_iOSTests;
			sourceTree = "<group>";
		};
		731C3FA02A5FB8B800A5277A /* meongmory_iOSUITests */ = {
			isa = PBXGroup;
			children = (
				731C3FA12A5FB8B800A5277A /* meongmory_iOSUITests.swift */,
				731C3FA32A5FB8B800A5277A /* meongmory_iOSUITestsLaunchTests.swift */,
			);
			path = meongmory_iOSUITests;
			sourceTree = "<group>";
		};
		73600DEB2A74A90800F9FE87 /* Presentation */ = {
			isa = PBXGroup;
			children = (
				73600DF12A74ADAB00F9FE87 /* View */,
			);
			path = Presentation;
			sourceTree = "<group>";
		};
		73600DEC2A74ABA100F9FE87 /* Business */ = {
			isa = PBXGroup;
			children = (
				73600DEF2A74AD8C00F9FE87 /* AppState */,
				73600DEE2A74AD7A00F9FE87 /* Service */,
			);
			path = Business;
			sourceTree = "<group>";
		};
		73600DED2A74ABAC00F9FE87 /* Data */ = {
			isa = PBXGroup;
			children = (
				73600DF02A74AD9A00F9FE87 /* Repository */,
			);
			path = Data;
			sourceTree = "<group>";
		};
		73600DEE2A74AD7A00F9FE87 /* Service */ = {
			isa = PBXGroup;
			children = (
				73600E0E2A80FBC600F9FE87 /* LocationService.swift */,
			);
			path = Service;
			sourceTree = "<group>";
		};
		73600DEF2A74AD8C00F9FE87 /* AppState */ = {
			isa = PBXGroup;
			children = (
			);
			path = AppState;
			sourceTree = "<group>";
		};
		73600DF02A74AD9A00F9FE87 /* Repository */ = {
			isa = PBXGroup;
			children = (
			);
			path = Repository;
			sourceTree = "<group>";
		};
		73600DF12A74ADAB00F9FE87 /* View */ = {
			isa = PBXGroup;
			children = (
				95D2E86E2A89989E0093D5D3 /* Family */,
				95D2E8612A85F7DF0093D5D3 /* Home */,
				A2AC24BD2A78B82000D284A7 /* Auth */,
				73600E0A2A809A4300F9FE87 /* Map */,
				A2AC24CB2A801B0B00D284A7 /* MyPage */,
			);
			path = View;
			sourceTree = "<group>";
		};
		73600E0A2A809A4300F9FE87 /* Map */ = {
			isa = PBXGroup;
			children = (
				73600E0B2A809AB800F9FE87 /* MapView.swift */,
				73D279472A813BF800B12C0C /* MapTypeLazyGrid.swift */,
				73D279492A8154AD00B12C0C /* MapInfoView.swift */,
			);
			path = Map;
			sourceTree = "<group>";
		};
		9326C0C919B79DC7467D8D0D /* Pods */ = {
			isa = PBXGroup;
			children = (
				1E371025C9495C6B0A566137 /* Pods-meongmory_iOS.debug.xcconfig */,
				B2652356D58A2D2C14FD0367 /* Pods-meongmory_iOS.release.xcconfig */,
				D60A684CAA37723A0FF75B9D /* Pods-meongmory_iOS-meongmory_iOSUITests.debug.xcconfig */,
				C8DE388FA91D929CB32FA648 /* Pods-meongmory_iOS-meongmory_iOSUITests.release.xcconfig */,
				1751BD90428D42FA35575791 /* Pods-meongmory_iOSTests.debug.xcconfig */,
				9C2472582335E1C990D71690 /* Pods-meongmory_iOSTests.release.xcconfig */,
			);
			path = Pods;
			sourceTree = "<group>";
		};
		95D2E8612A85F7DF0093D5D3 /* Home */ = {
			isa = PBXGroup;
			children = (
				95D2E8622A8776B60093D5D3 /* HomeView.swift */,
				95D2E8642A87FAF70093D5D3 /* FamilyListView.swift */,
				95D2E8662A892F9D0093D5D3 /* FamilyLazyHGridCell.swift */,
				95D2E8682A895CB30093D5D3 /* RecommendedView.swift */,
				95D2E86A2A898AFC0093D5D3 /* BusinessView.swift */,
			);
			path = Home;
			sourceTree = "<group>";
		};
		95D2E86E2A89989E0093D5D3 /* Family */ = {
			isa = PBXGroup;
			children = (
				95D2E86F2A8998D60093D5D3 /* FamilyMainView.swift */,
			);
			path = Family;
			sourceTree = "<group>";
		};
		A2AC24BD2A78B82000D284A7 /* Auth */ = {
			isa = PBXGroup;
			children = (
				A2AC24BE2A78B84D00D284A7 /* LoginView.swift */,
				A2AC24C02A78C27E00D284A7 /* ValidatePhoneNumView.swift */,
				A2AC24C22A7CCBBF00D284A7 /* AgreeToTermsView.swift */,
				A2AC24C42A7CCFD800D284A7 /* SetNicknameView.swift */,
				A2AC24C62A7CD11D00D284A7 /* OnBoardingView.swift */,
			);
			path = Auth;
			sourceTree = "<group>";
		};
		A2AC24CB2A801B0B00D284A7 /* MyPage */ = {
			isa = PBXGroup;
			children = (
				A2AC24E52A8260C500D284A7 /* Components */,
				A2AC24E02A80DA2A00D284A7 /* MenuDetailView */,
				A2AC24D22A80317E00D284A7 /* EditProfileView.swift */,
				A2AC24D02A80316F00D284A7 /* SetNotificationView.swift */,
				A2AC24D82A80D99100D284A7 /* EMenuDetail.swift */,
				A2AC24CC2A801B1600D284A7 /* MyPageView.swift */,
				A2AC25092A828C5900D284A7 /* WebView.swift */,
			);
			path = MyPage;
			sourceTree = "<group>";
		};
		A2AC24E02A80DA2A00D284A7 /* MenuDetailView */ = {
			isa = PBXGroup;
			children = (
				A2AC24D42A80327D00D284A7 /* ProVersionView.swift */,
				A2AC24DA2A80D9F700D284A7 /* NoticeView.swift */,
				A2AC24DC2A80DA0000D284A7 /* ReportView.swift */,
				A2AC24DE2A80DA1400D284A7 /* TermWebView.swift */,
			);
			path = MenuDetailView;
			sourceTree = "<group>";
		};
		A2AC24E52A8260C500D284A7 /* Components */ = {
			isa = PBXGroup;
			children = (
				A2AC24E62A8262CF00D284A7 /* MypageMenuListView.swift */,
				A2AC24E82A82631800D284A7 /* MypageMenuRow.swift */,
				A2AC24EA2A82637000D284A7 /* UserProfilView.swift */,
			);
			path = Components;
			sourceTree = "<group>";
		};
/* End PBXGroup section */

/* Begin PBXNativeTarget section */
		731C3F822A5FB8B600A5277A /* meongmory_iOS */ = {
			isa = PBXNativeTarget;
			buildConfigurationList = 731C3FA72A5FB8B800A5277A /* Build configuration list for PBXNativeTarget "meongmory_iOS" */;
			buildPhases = (
				34AE56B6079275B50C6BC9CF /* [CP] Check Pods Manifest.lock */,
				731C3F7F2A5FB8B600A5277A /* Sources */,
				731C3F802A5FB8B600A5277A /* Frameworks */,
				731C3F812A5FB8B600A5277A /* Resources */,
				C5184BE32F29F113EF051B93 /* [CP] Embed Pods Frameworks */,
			);
			buildRules = (
			);
			dependencies = (
			);
			name = meongmory_iOS;
			packageProductDependencies = (
				A2A211C72A829C160067D436 /* iPages */,
			);
			productName = meongmory_iOS;
			productReference = 731C3F832A5FB8B600A5277A /* meongmory_iOS.app */;
			productType = "com.apple.product-type.application";
		};
		731C3F922A5FB8B800A5277A /* meongmory_iOSTests */ = {
			isa = PBXNativeTarget;
			buildConfigurationList = 731C3FAA2A5FB8B800A5277A /* Build configuration list for PBXNativeTarget "meongmory_iOSTests" */;
			buildPhases = (
				90C713F6AC20427A50B3A523 /* [CP] Check Pods Manifest.lock */,
				731C3F8F2A5FB8B800A5277A /* Sources */,
				731C3F902A5FB8B800A5277A /* Frameworks */,
				731C3F912A5FB8B800A5277A /* Resources */,
			);
			buildRules = (
			);
			dependencies = (
				731C3F952A5FB8B800A5277A /* PBXTargetDependency */,
			);
			name = meongmory_iOSTests;
			productName = meongmory_iOSTests;
			productReference = 731C3F932A5FB8B800A5277A /* meongmory_iOSTests.xctest */;
			productType = "com.apple.product-type.bundle.unit-test";
		};
		731C3F9C2A5FB8B800A5277A /* meongmory_iOSUITests */ = {
			isa = PBXNativeTarget;
			buildConfigurationList = 731C3FAD2A5FB8B800A5277A /* Build configuration list for PBXNativeTarget "meongmory_iOSUITests" */;
			buildPhases = (
				B9809860BBE9598F9D137788 /* [CP] Check Pods Manifest.lock */,
				731C3F992A5FB8B800A5277A /* Sources */,
				731C3F9A2A5FB8B800A5277A /* Frameworks */,
				731C3F9B2A5FB8B800A5277A /* Resources */,
				D29887583FD3204D5C2D175C /* [CP] Embed Pods Frameworks */,
			);
			buildRules = (
			);
			dependencies = (
				731C3F9F2A5FB8B800A5277A /* PBXTargetDependency */,
			);
			name = meongmory_iOSUITests;
			productName = meongmory_iOSUITests;
			productReference = 731C3F9D2A5FB8B800A5277A /* meongmory_iOSUITests.xctest */;
			productType = "com.apple.product-type.bundle.ui-testing";
		};
/* End PBXNativeTarget section */

/* Begin PBXProject section */
		731C3F7B2A5FB8B600A5277A /* Project object */ = {
			isa = PBXProject;
			attributes = {
				BuildIndependentTargetsInParallel = 1;
				LastSwiftUpdateCheck = 1430;
				LastUpgradeCheck = 1430;
				TargetAttributes = {
					731C3F822A5FB8B600A5277A = {
						CreatedOnToolsVersion = 14.3.1;
					};
					731C3F922A5FB8B800A5277A = {
						CreatedOnToolsVersion = 14.3.1;
						TestTargetID = 731C3F822A5FB8B600A5277A;
					};
					731C3F9C2A5FB8B800A5277A = {
						CreatedOnToolsVersion = 14.3.1;
						TestTargetID = 731C3F822A5FB8B600A5277A;
					};
				};
			};
			buildConfigurationList = 731C3F7E2A5FB8B600A5277A /* Build configuration list for PBXProject "meongmory_iOS" */;
			compatibilityVersion = "Xcode 14.0";
			developmentRegion = en;
			hasScannedForEncodings = 0;
			knownRegions = (
				en,
				Base,
			);
			mainGroup = 731C3F7A2A5FB8B600A5277A;
			packageReferences = (
				A2A211C62A829C160067D436 /* XCRemoteSwiftPackageReference "iPages" */,
			);
			productRefGroup = 731C3F842A5FB8B600A5277A /* Products */;
			projectDirPath = "";
			projectRoot = "";
			targets = (
				731C3F822A5FB8B600A5277A /* meongmory_iOS */,
				731C3F922A5FB8B800A5277A /* meongmory_iOSTests */,
				731C3F9C2A5FB8B800A5277A /* meongmory_iOSUITests */,
			);
		};
/* End PBXProject section */

/* Begin PBXResourcesBuildPhase section */
		731C3F812A5FB8B600A5277A /* Resources */ = {
			isa = PBXResourcesBuildPhase;
			buildActionMask = 2147483647;
			files = (
				731C3F8E2A5FB8B800A5277A /* Preview Assets.xcassets in Resources */,
				731C3F8B2A5FB8B800A5277A /* Assets.xcassets in Resources */,
			);
			runOnlyForDeploymentPostprocessing = 0;
		};
		731C3F912A5FB8B800A5277A /* Resources */ = {
			isa = PBXResourcesBuildPhase;
			buildActionMask = 2147483647;
			files = (
			);
			runOnlyForDeploymentPostprocessing = 0;
		};
		731C3F9B2A5FB8B800A5277A /* Resources */ = {
			isa = PBXResourcesBuildPhase;
			buildActionMask = 2147483647;
			files = (
			);
			runOnlyForDeploymentPostprocessing = 0;
		};
/* End PBXResourcesBuildPhase section */

/* Begin PBXShellScriptBuildPhase section */
		34AE56B6079275B50C6BC9CF /* [CP] Check Pods Manifest.lock */ = {
			isa = PBXShellScriptBuildPhase;
			buildActionMask = 2147483647;
			files = (
			);
			inputFileListPaths = (
			);
			inputPaths = (
				"${PODS_PODFILE_DIR_PATH}/Podfile.lock",
				"${PODS_ROOT}/Manifest.lock",
			);
			name = "[CP] Check Pods Manifest.lock";
			outputFileListPaths = (
			);
			outputPaths = (
				"$(DERIVED_FILE_DIR)/Pods-meongmory_iOS-checkManifestLockResult.txt",
			);
			runOnlyForDeploymentPostprocessing = 0;
			shellPath = /bin/sh;
			shellScript = "diff \"${PODS_PODFILE_DIR_PATH}/Podfile.lock\" \"${PODS_ROOT}/Manifest.lock\" > /dev/null\nif [ $? != 0 ] ; then\n    # print error to STDERR\n    echo \"error: The sandbox is not in sync with the Podfile.lock. Run 'pod install' or update your CocoaPods installation.\" >&2\n    exit 1\nfi\n# This output is used by Xcode 'outputs' to avoid re-running this script phase.\necho \"SUCCESS\" > \"${SCRIPT_OUTPUT_FILE_0}\"\n";
			showEnvVarsInLog = 0;
		};
		90C713F6AC20427A50B3A523 /* [CP] Check Pods Manifest.lock */ = {
			isa = PBXShellScriptBuildPhase;
			buildActionMask = 2147483647;
			files = (
			);
			inputFileListPaths = (
			);
			inputPaths = (
				"${PODS_PODFILE_DIR_PATH}/Podfile.lock",
				"${PODS_ROOT}/Manifest.lock",
			);
			name = "[CP] Check Pods Manifest.lock";
			outputFileListPaths = (
			);
			outputPaths = (
				"$(DERIVED_FILE_DIR)/Pods-meongmory_iOSTests-checkManifestLockResult.txt",
			);
			runOnlyForDeploymentPostprocessing = 0;
			shellPath = /bin/sh;
			shellScript = "diff \"${PODS_PODFILE_DIR_PATH}/Podfile.lock\" \"${PODS_ROOT}/Manifest.lock\" > /dev/null\nif [ $? != 0 ] ; then\n    # print error to STDERR\n    echo \"error: The sandbox is not in sync with the Podfile.lock. Run 'pod install' or update your CocoaPods installation.\" >&2\n    exit 1\nfi\n# This output is used by Xcode 'outputs' to avoid re-running this script phase.\necho \"SUCCESS\" > \"${SCRIPT_OUTPUT_FILE_0}\"\n";
			showEnvVarsInLog = 0;
		};
		B9809860BBE9598F9D137788 /* [CP] Check Pods Manifest.lock */ = {
			isa = PBXShellScriptBuildPhase;
			buildActionMask = 2147483647;
			files = (
			);
			inputFileListPaths = (
			);
			inputPaths = (
				"${PODS_PODFILE_DIR_PATH}/Podfile.lock",
				"${PODS_ROOT}/Manifest.lock",
			);
			name = "[CP] Check Pods Manifest.lock";
			outputFileListPaths = (
			);
			outputPaths = (
				"$(DERIVED_FILE_DIR)/Pods-meongmory_iOS-meongmory_iOSUITests-checkManifestLockResult.txt",
			);
			runOnlyForDeploymentPostprocessing = 0;
			shellPath = /bin/sh;
			shellScript = "diff \"${PODS_PODFILE_DIR_PATH}/Podfile.lock\" \"${PODS_ROOT}/Manifest.lock\" > /dev/null\nif [ $? != 0 ] ; then\n    # print error to STDERR\n    echo \"error: The sandbox is not in sync with the Podfile.lock. Run 'pod install' or update your CocoaPods installation.\" >&2\n    exit 1\nfi\n# This output is used by Xcode 'outputs' to avoid re-running this script phase.\necho \"SUCCESS\" > \"${SCRIPT_OUTPUT_FILE_0}\"\n";
			showEnvVarsInLog = 0;
		};
		C5184BE32F29F113EF051B93 /* [CP] Embed Pods Frameworks */ = {
			isa = PBXShellScriptBuildPhase;
			buildActionMask = 2147483647;
			files = (
			);
			inputFileListPaths = (
				"${PODS_ROOT}/Target Support Files/Pods-meongmory_iOS/Pods-meongmory_iOS-frameworks-${CONFIGURATION}-input-files.xcfilelist",
			);
			name = "[CP] Embed Pods Frameworks";
			outputFileListPaths = (
				"${PODS_ROOT}/Target Support Files/Pods-meongmory_iOS/Pods-meongmory_iOS-frameworks-${CONFIGURATION}-output-files.xcfilelist",
			);
			runOnlyForDeploymentPostprocessing = 0;
			shellPath = /bin/sh;
			shellScript = "\"${PODS_ROOT}/Target Support Files/Pods-meongmory_iOS/Pods-meongmory_iOS-frameworks.sh\"\n";
			showEnvVarsInLog = 0;
		};
		D29887583FD3204D5C2D175C /* [CP] Embed Pods Frameworks */ = {
			isa = PBXShellScriptBuildPhase;
			buildActionMask = 2147483647;
			files = (
			);
			inputFileListPaths = (
				"${PODS_ROOT}/Target Support Files/Pods-meongmory_iOS-meongmory_iOSUITests/Pods-meongmory_iOS-meongmory_iOSUITests-frameworks-${CONFIGURATION}-input-files.xcfilelist",
			);
			name = "[CP] Embed Pods Frameworks";
			outputFileListPaths = (
				"${PODS_ROOT}/Target Support Files/Pods-meongmory_iOS-meongmory_iOSUITests/Pods-meongmory_iOS-meongmory_iOSUITests-frameworks-${CONFIGURATION}-output-files.xcfilelist",
			);
			runOnlyForDeploymentPostprocessing = 0;
			shellPath = /bin/sh;
			shellScript = "\"${PODS_ROOT}/Target Support Files/Pods-meongmory_iOS-meongmory_iOSUITests/Pods-meongmory_iOS-meongmory_iOSUITests-frameworks.sh\"\n";
			showEnvVarsInLog = 0;
		};
/* End PBXShellScriptBuildPhase section */

/* Begin PBXSourcesBuildPhase section */
		731C3F7F2A5FB8B600A5277A /* Sources */ = {
			isa = PBXSourcesBuildPhase;
			buildActionMask = 2147483647;
			files = (
				A2AC24C12A78C27E00D284A7 /* ValidatePhoneNumView.swift in Sources */,
				95D2E86B2A898AFC0093D5D3 /* BusinessView.swift in Sources */,
				A2AC24BF2A78B84D00D284A7 /* LoginView.swift in Sources */,
				95D2E8672A892F9D0093D5D3 /* FamilyLazyHGridCell.swift in Sources */,
				A2AC24C72A7CD11D00D284A7 /* OnBoardingView.swift in Sources */,
				95D2E8632A8776B60093D5D3 /* HomeView.swift in Sources */,
				A2AC24C32A7CCBBF00D284A7 /* AgreeToTermsView.swift in Sources */,
				A2AC24C52A7CCFD800D284A7 /* SetNicknameView.swift in Sources */,
				A2AC24D92A80D99100D284A7 /* EMenuDetail.swift in Sources */,
				95D2E8702A8998D60093D5D3 /* FamilyMainView.swift in Sources */,
				A2AC24DF2A80DA1400D284A7 /* TermWebView.swift in Sources */,
				A2AC24E92A82631800D284A7 /* MypageMenuRow.swift in Sources */,
				A2AC24D32A80317E00D284A7 /* EditProfileView.swift in Sources */,
				A2AC24E72A8262CF00D284A7 /* MypageMenuListView.swift in Sources */,
				73600E0C2A809AB800F9FE87 /* MapView.swift in Sources */,
				A2AC24D32A80317E00D284A7 /* EditProfileView.swift in Sources */,
				73D279482A813BF800B12C0C /* MapTypeLazyGrid.swift in Sources */,
				73600E0F2A80FBC600F9FE87 /* LocationService.swift in Sources */,
				731C3F892A5FB8B600A5277A /* ContentView.swift in Sources */,
				A2AC24DB2A80D9F700D284A7 /* NoticeView.swift in Sources */,
				95D2E8692A895CB30093D5D3 /* RecommendedView.swift in Sources */,
				731C3F872A5FB8B600A5277A /* meongmory_iOSApp.swift in Sources */,
				A2AC24DD2A80DA0000D284A7 /* ReportView.swift in Sources */,
				A2AC24D12A80316F00D284A7 /* SetNotificationView.swift in Sources */,
				A2AC24EB2A82637000D284A7 /* UserProfilView.swift in Sources */,
				A2AC24CD2A801B1600D284A7 /* MyPageView.swift in Sources */,
				95D2E8652A87FAF70093D5D3 /* FamilyListView.swift in Sources */,
				A2AC24D52A80327D00D284A7 /* ProVersionView.swift in Sources */,
				A2AC250A2A828C5900D284A7 /* WebView.swift in Sources */,
				73D2794A2A8154AD00B12C0C /* MapInfoView.swift in Sources */,
			);
			runOnlyForDeploymentPostprocessing = 0;
		};
		731C3F8F2A5FB8B800A5277A /* Sources */ = {
			isa = PBXSourcesBuildPhase;
			buildActionMask = 2147483647;
			files = (
				731C3F982A5FB8B800A5277A /* meongmory_iOSTests.swift in Sources */,
			);
			runOnlyForDeploymentPostprocessing = 0;
		};
		731C3F992A5FB8B800A5277A /* Sources */ = {
			isa = PBXSourcesBuildPhase;
			buildActionMask = 2147483647;
			files = (
				731C3FA42A5FB8B800A5277A /* meongmory_iOSUITestsLaunchTests.swift in Sources */,
				731C3FA22A5FB8B800A5277A /* meongmory_iOSUITests.swift in Sources */,
			);
			runOnlyForDeploymentPostprocessing = 0;
		};
/* End PBXSourcesBuildPhase section */

/* Begin PBXTargetDependency section */
		731C3F952A5FB8B800A5277A /* PBXTargetDependency */ = {
			isa = PBXTargetDependency;
			target = 731C3F822A5FB8B600A5277A /* meongmory_iOS */;
			targetProxy = 731C3F942A5FB8B800A5277A /* PBXContainerItemProxy */;
		};
		731C3F9F2A5FB8B800A5277A /* PBXTargetDependency */ = {
			isa = PBXTargetDependency;
			target = 731C3F822A5FB8B600A5277A /* meongmory_iOS */;
			targetProxy = 731C3F9E2A5FB8B800A5277A /* PBXContainerItemProxy */;
		};
/* End PBXTargetDependency section */

/* Begin XCBuildConfiguration section */
		731C3FA52A5FB8B800A5277A /* Debug */ = {
			isa = XCBuildConfiguration;
			buildSettings = {
				ALWAYS_SEARCH_USER_PATHS = NO;
				CLANG_ANALYZER_NONNULL = YES;
				CLANG_ANALYZER_NUMBER_OBJECT_CONVERSION = YES_AGGRESSIVE;
				CLANG_CXX_LANGUAGE_STANDARD = "gnu++20";
				CLANG_ENABLE_MODULES = YES;
				CLANG_ENABLE_OBJC_ARC = YES;
				CLANG_ENABLE_OBJC_WEAK = YES;
				CLANG_WARN_BLOCK_CAPTURE_AUTORELEASING = YES;
				CLANG_WARN_BOOL_CONVERSION = YES;
				CLANG_WARN_COMMA = YES;
				CLANG_WARN_CONSTANT_CONVERSION = YES;
				CLANG_WARN_DEPRECATED_OBJC_IMPLEMENTATIONS = YES;
				CLANG_WARN_DIRECT_OBJC_ISA_USAGE = YES_ERROR;
				CLANG_WARN_DOCUMENTATION_COMMENTS = YES;
				CLANG_WARN_EMPTY_BODY = YES;
				CLANG_WARN_ENUM_CONVERSION = YES;
				CLANG_WARN_INFINITE_RECURSION = YES;
				CLANG_WARN_INT_CONVERSION = YES;
				CLANG_WARN_NON_LITERAL_NULL_CONVERSION = YES;
				CLANG_WARN_OBJC_IMPLICIT_RETAIN_SELF = YES;
				CLANG_WARN_OBJC_LITERAL_CONVERSION = YES;
				CLANG_WARN_OBJC_ROOT_CLASS = YES_ERROR;
				CLANG_WARN_QUOTED_INCLUDE_IN_FRAMEWORK_HEADER = YES;
				CLANG_WARN_RANGE_LOOP_ANALYSIS = YES;
				CLANG_WARN_STRICT_PROTOTYPES = YES;
				CLANG_WARN_SUSPICIOUS_MOVE = YES;
				CLANG_WARN_UNGUARDED_AVAILABILITY = YES_AGGRESSIVE;
				CLANG_WARN_UNREACHABLE_CODE = YES;
				CLANG_WARN__DUPLICATE_METHOD_MATCH = YES;
				COPY_PHASE_STRIP = NO;
				DEBUG_INFORMATION_FORMAT = dwarf;
				ENABLE_STRICT_OBJC_MSGSEND = YES;
				ENABLE_TESTABILITY = YES;
				GCC_C_LANGUAGE_STANDARD = gnu11;
				GCC_DYNAMIC_NO_PIC = NO;
				GCC_NO_COMMON_BLOCKS = YES;
				GCC_OPTIMIZATION_LEVEL = 0;
				GCC_PREPROCESSOR_DEFINITIONS = (
					"DEBUG=1",
					"$(inherited)",
				);
				GCC_WARN_64_TO_32_BIT_CONVERSION = YES;
				GCC_WARN_ABOUT_RETURN_TYPE = YES_ERROR;
				GCC_WARN_UNDECLARED_SELECTOR = YES;
				GCC_WARN_UNINITIALIZED_AUTOS = YES_AGGRESSIVE;
				GCC_WARN_UNUSED_FUNCTION = YES;
				GCC_WARN_UNUSED_VARIABLE = YES;
				IPHONEOS_DEPLOYMENT_TARGET = 16.4;
				MTL_ENABLE_DEBUG_INFO = INCLUDE_SOURCE;
				MTL_FAST_MATH = YES;
				ONLY_ACTIVE_ARCH = YES;
				SDKROOT = iphoneos;
				SWIFT_ACTIVE_COMPILATION_CONDITIONS = DEBUG;
				SWIFT_OPTIMIZATION_LEVEL = "-Onone";
			};
			name = Debug;
		};
		731C3FA62A5FB8B800A5277A /* Release */ = {
			isa = XCBuildConfiguration;
			buildSettings = {
				ALWAYS_SEARCH_USER_PATHS = NO;
				CLANG_ANALYZER_NONNULL = YES;
				CLANG_ANALYZER_NUMBER_OBJECT_CONVERSION = YES_AGGRESSIVE;
				CLANG_CXX_LANGUAGE_STANDARD = "gnu++20";
				CLANG_ENABLE_MODULES = YES;
				CLANG_ENABLE_OBJC_ARC = YES;
				CLANG_ENABLE_OBJC_WEAK = YES;
				CLANG_WARN_BLOCK_CAPTURE_AUTORELEASING = YES;
				CLANG_WARN_BOOL_CONVERSION = YES;
				CLANG_WARN_COMMA = YES;
				CLANG_WARN_CONSTANT_CONVERSION = YES;
				CLANG_WARN_DEPRECATED_OBJC_IMPLEMENTATIONS = YES;
				CLANG_WARN_DIRECT_OBJC_ISA_USAGE = YES_ERROR;
				CLANG_WARN_DOCUMENTATION_COMMENTS = YES;
				CLANG_WARN_EMPTY_BODY = YES;
				CLANG_WARN_ENUM_CONVERSION = YES;
				CLANG_WARN_INFINITE_RECURSION = YES;
				CLANG_WARN_INT_CONVERSION = YES;
				CLANG_WARN_NON_LITERAL_NULL_CONVERSION = YES;
				CLANG_WARN_OBJC_IMPLICIT_RETAIN_SELF = YES;
				CLANG_WARN_OBJC_LITERAL_CONVERSION = YES;
				CLANG_WARN_OBJC_ROOT_CLASS = YES_ERROR;
				CLANG_WARN_QUOTED_INCLUDE_IN_FRAMEWORK_HEADER = YES;
				CLANG_WARN_RANGE_LOOP_ANALYSIS = YES;
				CLANG_WARN_STRICT_PROTOTYPES = YES;
				CLANG_WARN_SUSPICIOUS_MOVE = YES;
				CLANG_WARN_UNGUARDED_AVAILABILITY = YES_AGGRESSIVE;
				CLANG_WARN_UNREACHABLE_CODE = YES;
				CLANG_WARN__DUPLICATE_METHOD_MATCH = YES;
				COPY_PHASE_STRIP = NO;
				DEBUG_INFORMATION_FORMAT = "dwarf-with-dsym";
				ENABLE_NS_ASSERTIONS = NO;
				ENABLE_STRICT_OBJC_MSGSEND = YES;
				GCC_C_LANGUAGE_STANDARD = gnu11;
				GCC_NO_COMMON_BLOCKS = YES;
				GCC_WARN_64_TO_32_BIT_CONVERSION = YES;
				GCC_WARN_ABOUT_RETURN_TYPE = YES_ERROR;
				GCC_WARN_UNDECLARED_SELECTOR = YES;
				GCC_WARN_UNINITIALIZED_AUTOS = YES_AGGRESSIVE;
				GCC_WARN_UNUSED_FUNCTION = YES;
				GCC_WARN_UNUSED_VARIABLE = YES;
				IPHONEOS_DEPLOYMENT_TARGET = 16.4;
				MTL_ENABLE_DEBUG_INFO = NO;
				MTL_FAST_MATH = YES;
				SDKROOT = iphoneos;
				SWIFT_COMPILATION_MODE = wholemodule;
				SWIFT_OPTIMIZATION_LEVEL = "-O";
				VALIDATE_PRODUCT = YES;
			};
			name = Release;
		};
		731C3FA82A5FB8B800A5277A /* Debug */ = {
			isa = XCBuildConfiguration;
			baseConfigurationReference = 1E371025C9495C6B0A566137 /* Pods-meongmory_iOS.debug.xcconfig */;
			buildSettings = {
				ASSETCATALOG_COMPILER_APPICON_NAME = AppIcon;
				ASSETCATALOG_COMPILER_GLOBAL_ACCENT_COLOR_NAME = AccentColor;
				"CODE_SIGN_IDENTITY[sdk=iphoneos*]" = "iPhone Developer";
				CODE_SIGN_STYLE = Manual;
				CURRENT_PROJECT_VERSION = 1;
				DEVELOPMENT_ASSET_PATHS = "\"meongmory_iOS/Preview Content\"";
				DEVELOPMENT_TEAM = "";
				"DEVELOPMENT_TEAM[sdk=iphoneos*]" = J4X458RVHG;
				ENABLE_PREVIEWS = YES;
				GENERATE_INFOPLIST_FILE = YES;
				INFOPLIST_FILE = "meongmory-iOS-Info.plist";
				INFOPLIST_KEY_NSLocationAlwaysAndWhenInUseUsageDescription = "위치정보 권한이 필요합니다.";
				INFOPLIST_KEY_NSLocationAlwaysUsageDescription = "위치정보 권한이 필요합니다.";
				INFOPLIST_KEY_NSLocationWhenInUseUsageDescription = "위치정보 권한이 필요합니다.";
				INFOPLIST_KEY_UIApplicationSceneManifest_Generation = YES;
				INFOPLIST_KEY_UIApplicationSupportsIndirectInputEvents = YES;
				INFOPLIST_KEY_UILaunchScreen_Generation = YES;
				INFOPLIST_KEY_UISupportedInterfaceOrientations_iPad = "UIInterfaceOrientationPortrait UIInterfaceOrientationPortraitUpsideDown UIInterfaceOrientationLandscapeLeft UIInterfaceOrientationLandscapeRight";
				INFOPLIST_KEY_UISupportedInterfaceOrientations_iPhone = "UIInterfaceOrientationPortrait UIInterfaceOrientationLandscapeLeft UIInterfaceOrientationLandscapeRight";
				INFOPLIST_KEY_UIUserInterfaceStyle = Light;
				IPHONEOS_DEPLOYMENT_TARGET = 15.0;
				LD_RUNPATH_SEARCH_PATHS = (
					"$(inherited)",
					"@executable_path/Frameworks",
				);
				MARKETING_VERSION = 1.0;
				PRODUCT_BUNDLE_IDENTIFIER = "meongmory.meongmory-iOS";
				PRODUCT_NAME = "$(TARGET_NAME)";
				SWIFT_EMIT_LOC_STRINGS = YES;
				SWIFT_VERSION = 5.0;
				TARGETED_DEVICE_FAMILY = "1,2";
			};
			name = Debug;
		};
		731C3FA92A5FB8B800A5277A /* Release */ = {
			isa = XCBuildConfiguration;
			baseConfigurationReference = B2652356D58A2D2C14FD0367 /* Pods-meongmory_iOS.release.xcconfig */;
			buildSettings = {
				ASSETCATALOG_COMPILER_APPICON_NAME = AppIcon;
				ASSETCATALOG_COMPILER_GLOBAL_ACCENT_COLOR_NAME = AccentColor;
				CODE_SIGN_STYLE = Automatic;
				CURRENT_PROJECT_VERSION = 1;
				DEVELOPMENT_ASSET_PATHS = "\"meongmory_iOS/Preview Content\"";
				DEVELOPMENT_TEAM = 643M65W7HH;
				ENABLE_PREVIEWS = YES;
				GENERATE_INFOPLIST_FILE = YES;
				INFOPLIST_FILE = "meongmory-iOS-Info.plist";
				INFOPLIST_KEY_NSLocationAlwaysAndWhenInUseUsageDescription = "위치정보 권한이 필요합니다.";
				INFOPLIST_KEY_NSLocationAlwaysUsageDescription = "위치정보 권한이 필요합니다.";
				INFOPLIST_KEY_NSLocationWhenInUseUsageDescription = "위치정보 권한이 필요합니다.";
				INFOPLIST_KEY_UIApplicationSceneManifest_Generation = YES;
				INFOPLIST_KEY_UIApplicationSupportsIndirectInputEvents = YES;
				INFOPLIST_KEY_UILaunchScreen_Generation = YES;
				INFOPLIST_KEY_UISupportedInterfaceOrientations_iPad = "UIInterfaceOrientationPortrait UIInterfaceOrientationPortraitUpsideDown UIInterfaceOrientationLandscapeLeft UIInterfaceOrientationLandscapeRight";
				INFOPLIST_KEY_UISupportedInterfaceOrientations_iPhone = "UIInterfaceOrientationPortrait UIInterfaceOrientationLandscapeLeft UIInterfaceOrientationLandscapeRight";
				INFOPLIST_KEY_UIUserInterfaceStyle = Light;
				IPHONEOS_DEPLOYMENT_TARGET = 15.0;
				LD_RUNPATH_SEARCH_PATHS = (
					"$(inherited)",
					"@executable_path/Frameworks",
				);
				MARKETING_VERSION = 1.0;
				PRODUCT_BUNDLE_IDENTIFIER = "meongmory.meongmory-iOS";
				PRODUCT_NAME = "$(TARGET_NAME)";
				SWIFT_EMIT_LOC_STRINGS = YES;
				SWIFT_VERSION = 5.0;
				TARGETED_DEVICE_FAMILY = "1,2";
			};
			name = Release;
		};
		731C3FAB2A5FB8B800A5277A /* Debug */ = {
			isa = XCBuildConfiguration;
			baseConfigurationReference = 1751BD90428D42FA35575791 /* Pods-meongmory_iOSTests.debug.xcconfig */;
			buildSettings = {
				ALWAYS_EMBED_SWIFT_STANDARD_LIBRARIES = YES;
				BUNDLE_LOADER = "$(TEST_HOST)";
				CODE_SIGN_STYLE = Automatic;
				CURRENT_PROJECT_VERSION = 1;
				DEVELOPMENT_TEAM = 643M65W7HH;
				GENERATE_INFOPLIST_FILE = YES;
				IPHONEOS_DEPLOYMENT_TARGET = 16.4;
				MARKETING_VERSION = 1.0;
				PRODUCT_BUNDLE_IDENTIFIER = "meongmory.meongmory-iOSTests";
				PRODUCT_NAME = "$(TARGET_NAME)";
				SWIFT_EMIT_LOC_STRINGS = NO;
				SWIFT_VERSION = 5.0;
				TARGETED_DEVICE_FAMILY = "1,2";
				TEST_HOST = "$(BUILT_PRODUCTS_DIR)/meongmory_iOS.app/$(BUNDLE_EXECUTABLE_FOLDER_PATH)/meongmory_iOS";
			};
			name = Debug;
		};
		731C3FAC2A5FB8B800A5277A /* Release */ = {
			isa = XCBuildConfiguration;
			baseConfigurationReference = 9C2472582335E1C990D71690 /* Pods-meongmory_iOSTests.release.xcconfig */;
			buildSettings = {
				ALWAYS_EMBED_SWIFT_STANDARD_LIBRARIES = YES;
				BUNDLE_LOADER = "$(TEST_HOST)";
				CODE_SIGN_STYLE = Automatic;
				CURRENT_PROJECT_VERSION = 1;
				DEVELOPMENT_TEAM = 643M65W7HH;
				GENERATE_INFOPLIST_FILE = YES;
				IPHONEOS_DEPLOYMENT_TARGET = 16.4;
				MARKETING_VERSION = 1.0;
				PRODUCT_BUNDLE_IDENTIFIER = "meongmory.meongmory-iOSTests";
				PRODUCT_NAME = "$(TARGET_NAME)";
				SWIFT_EMIT_LOC_STRINGS = NO;
				SWIFT_VERSION = 5.0;
				TARGETED_DEVICE_FAMILY = "1,2";
				TEST_HOST = "$(BUILT_PRODUCTS_DIR)/meongmory_iOS.app/$(BUNDLE_EXECUTABLE_FOLDER_PATH)/meongmory_iOS";
			};
			name = Release;
		};
		731C3FAE2A5FB8B800A5277A /* Debug */ = {
			isa = XCBuildConfiguration;
			baseConfigurationReference = D60A684CAA37723A0FF75B9D /* Pods-meongmory_iOS-meongmory_iOSUITests.debug.xcconfig */;
			buildSettings = {
				ALWAYS_EMBED_SWIFT_STANDARD_LIBRARIES = YES;
				CODE_SIGN_STYLE = Automatic;
				CURRENT_PROJECT_VERSION = 1;
				DEVELOPMENT_TEAM = 643M65W7HH;
				GENERATE_INFOPLIST_FILE = YES;
				MARKETING_VERSION = 1.0;
				PRODUCT_BUNDLE_IDENTIFIER = "meongmory.meongmory-iOSUITests";
				PRODUCT_NAME = "$(TARGET_NAME)";
				SWIFT_EMIT_LOC_STRINGS = NO;
				SWIFT_VERSION = 5.0;
				TARGETED_DEVICE_FAMILY = "1,2";
				TEST_TARGET_NAME = meongmory_iOS;
			};
			name = Debug;
		};
		731C3FAF2A5FB8B800A5277A /* Release */ = {
			isa = XCBuildConfiguration;
			baseConfigurationReference = C8DE388FA91D929CB32FA648 /* Pods-meongmory_iOS-meongmory_iOSUITests.release.xcconfig */;
			buildSettings = {
				ALWAYS_EMBED_SWIFT_STANDARD_LIBRARIES = YES;
				CODE_SIGN_STYLE = Automatic;
				CURRENT_PROJECT_VERSION = 1;
				DEVELOPMENT_TEAM = 643M65W7HH;
				GENERATE_INFOPLIST_FILE = YES;
				MARKETING_VERSION = 1.0;
				PRODUCT_BUNDLE_IDENTIFIER = "meongmory.meongmory-iOSUITests";
				PRODUCT_NAME = "$(TARGET_NAME)";
				SWIFT_EMIT_LOC_STRINGS = NO;
				SWIFT_VERSION = 5.0;
				TARGETED_DEVICE_FAMILY = "1,2";
				TEST_TARGET_NAME = meongmory_iOS;
			};
			name = Release;
		};
/* End XCBuildConfiguration section */

/* Begin XCConfigurationList section */
		731C3F7E2A5FB8B600A5277A /* Build configuration list for PBXProject "meongmory_iOS" */ = {
			isa = XCConfigurationList;
			buildConfigurations = (
				731C3FA52A5FB8B800A5277A /* Debug */,
				731C3FA62A5FB8B800A5277A /* Release */,
			);
			defaultConfigurationIsVisible = 0;
			defaultConfigurationName = Release;
		};
		731C3FA72A5FB8B800A5277A /* Build configuration list for PBXNativeTarget "meongmory_iOS" */ = {
			isa = XCConfigurationList;
			buildConfigurations = (
				731C3FA82A5FB8B800A5277A /* Debug */,
				731C3FA92A5FB8B800A5277A /* Release */,
			);
			defaultConfigurationIsVisible = 0;
			defaultConfigurationName = Release;
		};
		731C3FAA2A5FB8B800A5277A /* Build configuration list for PBXNativeTarget "meongmory_iOSTests" */ = {
			isa = XCConfigurationList;
			buildConfigurations = (
				731C3FAB2A5FB8B800A5277A /* Debug */,
				731C3FAC2A5FB8B800A5277A /* Release */,
			);
			defaultConfigurationIsVisible = 0;
			defaultConfigurationName = Release;
		};
		731C3FAD2A5FB8B800A5277A /* Build configuration list for PBXNativeTarget "meongmory_iOSUITests" */ = {
			isa = XCConfigurationList;
			buildConfigurations = (
				731C3FAE2A5FB8B800A5277A /* Debug */,
				731C3FAF2A5FB8B800A5277A /* Release */,
			);
			defaultConfigurationIsVisible = 0;
			defaultConfigurationName = Release;
		};
/* End XCConfigurationList section */

/* Begin XCRemoteSwiftPackageReference section */
		A2A211C62A829C160067D436 /* XCRemoteSwiftPackageReference "iPages" */ = {
			isa = XCRemoteSwiftPackageReference;
			repositoryURL = "https://github.com/benjaminsage/iPages";
			requirement = {
				kind = upToNextMajorVersion;
				minimumVersion = 0.0.9;
			};
		};
/* End XCRemoteSwiftPackageReference section */

/* Begin XCSwiftPackageProductDependency section */
		A2A211C72A829C160067D436 /* iPages */ = {
			isa = XCSwiftPackageProductDependency;
			package = A2A211C62A829C160067D436 /* XCRemoteSwiftPackageReference "iPages" */;
			productName = iPages;
		};
/* End XCSwiftPackageProductDependency section */
	};
	rootObject = 731C3F7B2A5FB8B600A5277A /* Project object */;
}
